
Microsoft Visual Studio Solution File, Format Version 12.00
# Visual Studio Version 17
VisualStudioVersion = 17.13.35931.197 d17.13
MinimumVisualStudioVersion = 10.0.40219.1
Project("{FAE04EC0-301F-11D3-BF4B-00C04F79EFBC}") = "AiHedgeFund.Components", "AiHedgeFund.Components\AiHedgeFund.Components.csproj", "{9F454E0D-D13D-4A6A-A505-6EB553EDB234}"
EndProject
Global
	GlobalSection(SolutionConfigurationPlatforms) = preSolution
		Debug|Any CPU = Debug|Any CPU
		Release|Any CPU = Release|Any CPU
	EndGlobalSection
	GlobalSection(ProjectConfigurationPlatforms) = postSolution
		{9F454E0D-D13D-4A6A-A505-6EB553EDB234}.Debug|Any CPU.ActiveCfg = Debug|Any CPU
		{9F454E0D-D13D-4A6A-A505-6EB553EDB234}.Debug|Any CPU.Build.0 = Debug|Any CPU
		{9F454E0D-D13D-4A6A-A505-6EB553EDB234}.Release|Any CPU.ActiveCfg = Release|Any CPU
		{9F454E0D-D13D-4A6A-A505-6EB553EDB234}.Release|Any CPU.Build.0 = Release|Any CPU
	EndGlobalSection
	GlobalSection(SolutionProperties) = preSolution
		HideSolutionNode = FALSE
	EndGlobalSection
	GlobalSection(ExtensibilityGlobals) = postSolution
		SolutionGuid = {EF8D7A0B-C49A-4114-AE17-61837D9BAE23}
	EndGlobalSection
EndGlobal
